// !$*UTF8*$!
{
	archiveVersion = 1;
	classes = {
	};
	objectVersion = 56;
	objects = {

/* Begin PBXBuildFile section */
		E462BCAC2AC4BE3C00C9BA70 /* ToDoListAppApp.swift in Sources */ = {isa = PBXBuildFile; fileRef = E462BCAB2AC4BE3C00C9BA70 /* ToDoListAppApp.swift */; };
		E462BCAE2AC4BE3C00C9BA70 /* MainView.swift in Sources */ = {isa = PBXBuildFile; fileRef = E462BCAD2AC4BE3C00C9BA70 /* MainView.swift */; };
		E462BCB02AC4BE3D00C9BA70 /* Assets.xcassets in Resources */ = {isa = PBXBuildFile; fileRef = E462BCAF2AC4BE3D00C9BA70 /* Assets.xcassets */; };
		E462BCB32AC4BE3D00C9BA70 /* Preview Assets.xcassets in Resources */ = {isa = PBXBuildFile; fileRef = E462BCB22AC4BE3D00C9BA70 /* Preview Assets.xcassets */; };
		E462BCBD2AC4BE3D00C9BA70 /* ToDoListAppTests.swift in Sources */ = {isa = PBXBuildFile; fileRef = E462BCBC2AC4BE3D00C9BA70 /* ToDoListAppTests.swift */; };
		E462BCC72AC4BE3D00C9BA70 /* ToDoListAppUITests.swift in Sources */ = {isa = PBXBuildFile; fileRef = E462BCC62AC4BE3D00C9BA70 /* ToDoListAppUITests.swift */; };
		E462BCC92AC4BE3D00C9BA70 /* ToDoListAppUITestsLaunchTests.swift in Sources */ = {isa = PBXBuildFile; fileRef = E462BCC82AC4BE3D00C9BA70 /* ToDoListAppUITestsLaunchTests.swift */; };
		E462BCD82AC4C24400C9BA70 /* FirebaseAuth in Frameworks */ = {isa = PBXBuildFile; productRef = E462BCD72AC4C24400C9BA70 /* FirebaseAuth */; };
		E462BCDA2AC4C24400C9BA70 /* FirebaseFirestore in Frameworks */ = {isa = PBXBuildFile; productRef = E462BCD92AC4C24400C9BA70 /* FirebaseFirestore */; };
		E462BCDC2AC4C24400C9BA70 /* FirebaseFirestoreSwift in Frameworks */ = {isa = PBXBuildFile; productRef = E462BCDB2AC4C24400C9BA70 /* FirebaseFirestoreSwift */; };
		E462BCDE2AC4C49200C9BA70 /* GoogleService-Info.plist in Resources */ = {isa = PBXBuildFile; fileRef = E462BCDD2AC4C49100C9BA70 /* GoogleService-Info.plist */; };
		E462BCE52AC532EF00C9BA70 /* ProfileView.swift in Sources */ = {isa = PBXBuildFile; fileRef = E462BCE42AC532EF00C9BA70 /* ProfileView.swift */; };
		E462BCE72AC5330000C9BA70 /* ToDoListView.swift in Sources */ = {isa = PBXBuildFile; fileRef = E462BCE62AC5330000C9BA70 /* ToDoListView.swift */; };
		E462BCE92AC5330E00C9BA70 /* NewItemView.swift in Sources */ = {isa = PBXBuildFile; fileRef = E462BCE82AC5330E00C9BA70 /* NewItemView.swift */; };
		E462BCEB2AC5331D00C9BA70 /* LogInView.swift in Sources */ = {isa = PBXBuildFile; fileRef = E462BCEA2AC5331D00C9BA70 /* LogInView.swift */; };
		E462BCED2AC5332700C9BA70 /* RegisterView.swift in Sources */ = {isa = PBXBuildFile; fileRef = E462BCEC2AC5332700C9BA70 /* RegisterView.swift */; };
		E462BCEF2AC5335F00C9BA70 /* ToDoListItemView.swift in Sources */ = {isa = PBXBuildFile; fileRef = E462BCEE2AC5335F00C9BA70 /* ToDoListItemView.swift */; };
		E462BCF12AC5338400C9BA70 /* User.swift in Sources */ = {isa = PBXBuildFile; fileRef = E462BCF02AC5338400C9BA70 /* User.swift */; };
		E462BCF32AC5339500C9BA70 /* ToDoListItem.swift in Sources */ = {isa = PBXBuildFile; fileRef = E462BCF22AC5339500C9BA70 /* ToDoListItem.swift */; };
		E462BCF52AC533BE00C9BA70 /* MainViewViewModel.swift in Sources */ = {isa = PBXBuildFile; fileRef = E462BCF42AC533BE00C9BA70 /* MainViewViewModel.swift */; };
		E462BCF72AC533CE00C9BA70 /* ProfileViewViewModel.swift in Sources */ = {isa = PBXBuildFile; fileRef = E462BCF62AC533CE00C9BA70 /* ProfileViewViewModel.swift */; };
		E462BCF92AC533E500C9BA70 /* ToDoListViewViewModel.swift in Sources */ = {isa = PBXBuildFile; fileRef = E462BCF82AC533E500C9BA70 /* ToDoListViewViewModel.swift */; };
		E462BCFB2AC533F600C9BA70 /* NewItemViewViewModel.swift in Sources */ = {isa = PBXBuildFile; fileRef = E462BCFA2AC533F600C9BA70 /* NewItemViewViewModel.swift */; };
		E462BCFD2AC5340B00C9BA70 /* LogInViewViewModel.swift in Sources */ = {isa = PBXBuildFile; fileRef = E462BCFC2AC5340B00C9BA70 /* LogInViewViewModel.swift */; };
		E462BCFF2AC5341C00C9BA70 /* RegisterViewViewModel.swift in Sources */ = {isa = PBXBuildFile; fileRef = E462BCFE2AC5341C00C9BA70 /* RegisterViewViewModel.swift */; };
		E462BD012AC5343100C9BA70 /* ToDoListItemViewViewModel.swift in Sources */ = {isa = PBXBuildFile; fileRef = E462BD002AC5343100C9BA70 /* ToDoListItemViewViewModel.swift */; };
/* End PBXBuildFile section */

/* Begin PBXContainerItemProxy section */
		E462BCB92AC4BE3D00C9BA70 /* PBXContainerItemProxy */ = {
			isa = PBXContainerItemProxy;
			containerPortal = E462BCA02AC4BE3C00C9BA70 /* Project object */;
			proxyType = 1;
			remoteGlobalIDString = E462BCA72AC4BE3C00C9BA70;
			remoteInfo = ToDoListApp;
		};
		E462BCC32AC4BE3D00C9BA70 /* PBXContainerItemProxy */ = {
			isa = PBXContainerItemProxy;
			containerPortal = E462BCA02AC4BE3C00C9BA70 /* Project object */;
			proxyType = 1;
			remoteGlobalIDString = E462BCA72AC4BE3C00C9BA70;
			remoteInfo = ToDoListApp;
		};
/* End PBXContainerItemProxy section */

/* Begin PBXFileReference section */
		E462BCA82AC4BE3C00C9BA70 /* ToDoListApp.app */ = {isa = PBXFileReference; explicitFileType = wrapper.application; includeInIndex = 0; path = ToDoListApp.app; sourceTree = BUILT_PRODUCTS_DIR; };
		E462BCAB2AC4BE3C00C9BA70 /* ToDoListAppApp.swift */ = {isa = PBXFileReference; lastKnownFileType = sourcecode.swift; path = ToDoListAppApp.swift; sourceTree = "<group>"; };
		E462BCAD2AC4BE3C00C9BA70 /* MainView.swift */ = {isa = PBXFileReference; lastKnownFileType = sourcecode.swift; path = MainView.swift; sourceTree = "<group>"; };
		E462BCAF2AC4BE3D00C9BA70 /* Assets.xcassets */ = {isa = PBXFileReference; lastKnownFileType = folder.assetcatalog; path = Assets.xcassets; sourceTree = "<group>"; };
		E462BCB22AC4BE3D00C9BA70 /* Preview Assets.xcassets */ = {isa = PBXFileReference; lastKnownFileType = folder.assetcatalog; path = "Preview Assets.xcassets"; sourceTree = "<group>"; };
		E462BCB82AC4BE3D00C9BA70 /* ToDoListAppTests.xctest */ = {isa = PBXFileReference; explicitFileType = wrapper.cfbundle; includeInIndex = 0; path = ToDoListAppTests.xctest; sourceTree = BUILT_PRODUCTS_DIR; };
		E462BCBC2AC4BE3D00C9BA70 /* ToDoListAppTests.swift */ = {isa = PBXFileReference; lastKnownFileType = sourcecode.swift; path = ToDoListAppTests.swift; sourceTree = "<group>"; };
		E462BCC22AC4BE3D00C9BA70 /* ToDoListAppUITests.xctest */ = {isa = PBXFileReference; explicitFileType = wrapper.cfbundle; includeInIndex = 0; path = ToDoListAppUITests.xctest; sourceTree = BUILT_PRODUCTS_DIR; };
		E462BCC62AC4BE3D00C9BA70 /* ToDoListAppUITests.swift */ = {isa = PBXFileReference; lastKnownFileType = sourcecode.swift; path = ToDoListAppUITests.swift; sourceTree = "<group>"; };
		E462BCC82AC4BE3D00C9BA70 /* ToDoListAppUITestsLaunchTests.swift */ = {isa = PBXFileReference; lastKnownFileType = sourcecode.swift; path = ToDoListAppUITestsLaunchTests.swift; sourceTree = "<group>"; };
		E462BCDD2AC4C49100C9BA70 /* GoogleService-Info.plist */ = {isa = PBXFileReference; fileEncoding = 4; lastKnownFileType = text.plist.xml; path = "GoogleService-Info.plist"; sourceTree = "<group>"; };
		E462BCE42AC532EF00C9BA70 /* ProfileView.swift */ = {isa = PBXFileReference; lastKnownFileType = sourcecode.swift; path = ProfileView.swift; sourceTree = "<group>"; };
		E462BCE62AC5330000C9BA70 /* ToDoListView.swift */ = {isa = PBXFileReference; lastKnownFileType = sourcecode.swift; path = ToDoListView.swift; sourceTree = "<group>"; };
		E462BCE82AC5330E00C9BA70 /* NewItemView.swift */ = {isa = PBXFileReference; lastKnownFileType = sourcecode.swift; path = NewItemView.swift; sourceTree = "<group>"; };
		E462BCEA2AC5331D00C9BA70 /* LogInView.swift */ = {isa = PBXFileReference; lastKnownFileType = sourcecode.swift; path = LogInView.swift; sourceTree = "<group>"; };
		E462BCEC2AC5332700C9BA70 /* RegisterView.swift */ = {isa = PBXFileReference; lastKnownFileType = sourcecode.swift; path = RegisterView.swift; sourceTree = "<group>"; };
		E462BCEE2AC5335F00C9BA70 /* ToDoListItemView.swift */ = {isa = PBXFileReference; lastKnownFileType = sourcecode.swift; path = ToDoListItemView.swift; sourceTree = "<group>"; };
		E462BCF02AC5338400C9BA70 /* User.swift */ = {isa = PBXFileReference; lastKnownFileType = sourcecode.swift; path = User.swift; sourceTree = "<group>"; };
		E462BCF22AC5339500C9BA70 /* ToDoListItem.swift */ = {isa = PBXFileReference; lastKnownFileType = sourcecode.swift; path = ToDoListItem.swift; sourceTree = "<group>"; };
		E462BCF42AC533BE00C9BA70 /* MainViewViewModel.swift */ = {isa = PBXFileReference; lastKnownFileType = sourcecode.swift; path = MainViewViewModel.swift; sourceTree = "<group>"; };
		E462BCF62AC533CE00C9BA70 /* ProfileViewViewModel.swift */ = {isa = PBXFileReference; lastKnownFileType = sourcecode.swift; path = ProfileViewViewModel.swift; sourceTree = "<group>"; };
		E462BCF82AC533E500C9BA70 /* ToDoListViewViewModel.swift */ = {isa = PBXFileReference; lastKnownFileType = sourcecode.swift; path = ToDoListViewViewModel.swift; sourceTree = "<group>"; };
		E462BCFA2AC533F600C9BA70 /* NewItemViewViewModel.swift */ = {isa = PBXFileReference; lastKnownFileType = sourcecode.swift; path = NewItemViewViewModel.swift; sourceTree = "<group>"; };
		E462BCFC2AC5340B00C9BA70 /* LogInViewViewModel.swift */ = {isa = PBXFileReference; lastKnownFileType = sourcecode.swift; path = LogInViewViewModel.swift; sourceTree = "<group>"; };
		E462BCFE2AC5341C00C9BA70 /* RegisterViewViewModel.swift */ = {isa = PBXFileReference; lastKnownFileType = sourcecode.swift; path = RegisterViewViewModel.swift; sourceTree = "<group>"; };
		E462BD002AC5343100C9BA70 /* ToDoListItemViewViewModel.swift */ = {isa = PBXFileReference; lastKnownFileType = sourcecode.swift; path = ToDoListItemViewViewModel.swift; sourceTree = "<group>"; };
/* End PBXFileReference section */

/* Begin PBXFrameworksBuildPhase section */
		E462BCA52AC4BE3C00C9BA70 /* Frameworks */ = {
			isa = PBXFrameworksBuildPhase;
			buildActionMask = 2147483647;
			files = (
				E462BCD82AC4C24400C9BA70 /* FirebaseAuth in Frameworks */,
				E462BCDA2AC4C24400C9BA70 /* FirebaseFirestore in Frameworks */,
				E462BCDC2AC4C24400C9BA70 /* FirebaseFirestoreSwift in Frameworks */,
			);
			runOnlyForDeploymentPostprocessing = 0;
		};
		E462BCB52AC4BE3D00C9BA70 /* Frameworks */ = {
			isa = PBXFrameworksBuildPhase;
			buildActionMask = 2147483647;
			files = (
			);
			runOnlyForDeploymentPostprocessing = 0;
		};
		E462BCBF2AC4BE3D00C9BA70 /* Frameworks */ = {
			isa = PBXFrameworksBuildPhase;
			buildActionMask = 2147483647;
			files = (
			);
			runOnlyForDeploymentPostprocessing = 0;
		};
/* End PBXFrameworksBuildPhase section */

/* Begin PBXGroup section */
		E462BC9F2AC4BE3C00C9BA70 = {
			isa = PBXGroup;
			children = (
				E462BCAA2AC4BE3C00C9BA70 /* ToDoListApp */,
				E462BCBB2AC4BE3D00C9BA70 /* ToDoListAppTests */,
				E462BCC52AC4BE3D00C9BA70 /* ToDoListAppUITests */,
				E462BCA92AC4BE3C00C9BA70 /* Products */,
			);
			sourceTree = "<group>";
		};
		E462BCA92AC4BE3C00C9BA70 /* Products */ = {
			isa = PBXGroup;
			children = (
				E462BCA82AC4BE3C00C9BA70 /* ToDoListApp.app */,
				E462BCB82AC4BE3D00C9BA70 /* ToDoListAppTests.xctest */,
				E462BCC22AC4BE3D00C9BA70 /* ToDoListAppUITests.xctest */,
			);
			name = Products;
			sourceTree = "<group>";
		};
		E462BCAA2AC4BE3C00C9BA70 /* ToDoListApp */ = {
			isa = PBXGroup;
			children = (
				E462BCE32AC5322D00C9BA70 /* Other */,
				E462BCE12AC5320E00C9BA70 /* Models */,
				E462BCE02AC531CE00C9BA70 /* ViewModels */,
				E462BCDF2AC5319100C9BA70 /* Views */,
				E462BCB12AC4BE3D00C9BA70 /* Preview Content */,
			);
			path = ToDoListApp;
			sourceTree = "<group>";
		};
		E462BCB12AC4BE3D00C9BA70 /* Preview Content */ = {
			isa = PBXGroup;
			children = (
				E462BCB22AC4BE3D00C9BA70 /* Preview Assets.xcassets */,
			);
			path = "Preview Content";
			sourceTree = "<group>";
		};
		E462BCBB2AC4BE3D00C9BA70 /* ToDoListAppTests */ = {
			isa = PBXGroup;
			children = (
				E462BCBC2AC4BE3D00C9BA70 /* ToDoListAppTests.swift */,
			);
			path = ToDoListAppTests;
			sourceTree = "<group>";
		};
		E462BCC52AC4BE3D00C9BA70 /* ToDoListAppUITests */ = {
			isa = PBXGroup;
			children = (
				E462BCC62AC4BE3D00C9BA70 /* ToDoListAppUITests.swift */,
				E462BCC82AC4BE3D00C9BA70 /* ToDoListAppUITestsLaunchTests.swift */,
			);
			path = ToDoListAppUITests;
			sourceTree = "<group>";
		};
		E462BCDF2AC5319100C9BA70 /* Views */ = {
			isa = PBXGroup;
			children = (
				E462BCAD2AC4BE3C00C9BA70 /* MainView.swift */,
				E462BCE42AC532EF00C9BA70 /* ProfileView.swift */,
				E462BCE62AC5330000C9BA70 /* ToDoListView.swift */,
				E462BCE82AC5330E00C9BA70 /* NewItemView.swift */,
				E462BCEA2AC5331D00C9BA70 /* LogInView.swift */,
				E462BCEC2AC5332700C9BA70 /* RegisterView.swift */,
				E462BCEE2AC5335F00C9BA70 /* ToDoListItemView.swift */,
			);
			path = Views;
			sourceTree = "<group>";
		};
		E462BCE02AC531CE00C9BA70 /* ViewModels */ = {
			isa = PBXGroup;
			children = (
				E462BCF42AC533BE00C9BA70 /* MainViewViewModel.swift */,
				E462BCF62AC533CE00C9BA70 /* ProfileViewViewModel.swift */,
				E462BCF82AC533E500C9BA70 /* ToDoListViewViewModel.swift */,
				E462BCFA2AC533F600C9BA70 /* NewItemViewViewModel.swift */,
				E462BCFC2AC5340B00C9BA70 /* LogInViewViewModel.swift */,
				E462BCFE2AC5341C00C9BA70 /* RegisterViewViewModel.swift */,
				E462BD002AC5343100C9BA70 /* ToDoListItemViewViewModel.swift */,
			);
			path = ViewModels;
			sourceTree = "<group>";
		};
		E462BCE12AC5320E00C9BA70 /* Models */ = {
			isa = PBXGroup;
			children = (
				E462BCF02AC5338400C9BA70 /* User.swift */,
				E462BCF22AC5339500C9BA70 /* ToDoListItem.swift */,
			);
			path = Models;
			sourceTree = "<group>";
		};
		E462BCE32AC5322D00C9BA70 /* Other */ = {
			isa = PBXGroup;
			children = (
				E462BCAB2AC4BE3C00C9BA70 /* ToDoListAppApp.swift */,
				E462BCAF2AC4BE3D00C9BA70 /* Assets.xcassets */,
				E462BCDD2AC4C49100C9BA70 /* GoogleService-Info.plist */,
			);
			path = Other;
			sourceTree = "<group>";
		};
/* End PBXGroup section */

/* Begin PBXNativeTarget section */
		E462BCA72AC4BE3C00C9BA70 /* ToDoListApp */ = {
			isa = PBXNativeTarget;
			buildConfigurationList = E462BCCC2AC4BE3D00C9BA70 /* Build configuration list for PBXNativeTarget "ToDoListApp" */;
			buildPhases = (
				E462BCA42AC4BE3C00C9BA70 /* Sources */,
				E462BCA52AC4BE3C00C9BA70 /* Frameworks */,
				E462BCA62AC4BE3C00C9BA70 /* Resources */,
			);
			buildRules = (
			);
			dependencies = (
			);
			name = ToDoListApp;
			packageProductDependencies = (
				E462BCD72AC4C24400C9BA70 /* FirebaseAuth */,
				E462BCD92AC4C24400C9BA70 /* FirebaseFirestore */,
				E462BCDB2AC4C24400C9BA70 /* FirebaseFirestoreSwift */,
			);
			productName = ToDoListApp;
			productReference = E462BCA82AC4BE3C00C9BA70 /* ToDoListApp.app */;
			productType = "com.apple.product-type.application";
		};
		E462BCB72AC4BE3D00C9BA70 /* ToDoListAppTests */ = {
			isa = PBXNativeTarget;
			buildConfigurationList = E462BCCF2AC4BE3D00C9BA70 /* Build configuration list for PBXNativeTarget "ToDoListAppTests" */;
			buildPhases = (
				E462BCB42AC4BE3D00C9BA70 /* Sources */,
				E462BCB52AC4BE3D00C9BA70 /* Frameworks */,
				E462BCB62AC4BE3D00C9BA70 /* Resources */,
			);
			buildRules = (
			);
			dependencies = (
				E462BCBA2AC4BE3D00C9BA70 /* PBXTargetDependency */,
			);
			name = ToDoListAppTests;
			productName = ToDoListAppTests;
			productReference = E462BCB82AC4BE3D00C9BA70 /* ToDoListAppTests.xctest */;
			productType = "com.apple.product-type.bundle.unit-test";
		};
		E462BCC12AC4BE3D00C9BA70 /* ToDoListAppUITests */ = {
			isa = PBXNativeTarget;
			buildConfigurationList = E462BCD22AC4BE3D00C9BA70 /* Build configuration list for PBXNativeTarget "ToDoListAppUITests" */;
			buildPhases = (
				E462BCBE2AC4BE3D00C9BA70 /* Sources */,
				E462BCBF2AC4BE3D00C9BA70 /* Frameworks */,
				E462BCC02AC4BE3D00C9BA70 /* Resources */,
			);
			buildRules = (
			);
			dependencies = (
				E462BCC42AC4BE3D00C9BA70 /* PBXTargetDependency */,
			);
			name = ToDoListAppUITests;
			productName = ToDoListAppUITests;
			productReference = E462BCC22AC4BE3D00C9BA70 /* ToDoListAppUITests.xctest */;
			productType = "com.apple.product-type.bundle.ui-testing";
		};
/* End PBXNativeTarget section */

/* Begin PBXProject section */
		E462BCA02AC4BE3C00C9BA70 /* Project object */ = {
			isa = PBXProject;
			attributes = {
				BuildIndependentTargetsInParallel = 1;
				LastSwiftUpdateCheck = 1420;
				LastUpgradeCheck = 1420;
				TargetAttributes = {
					E462BCA72AC4BE3C00C9BA70 = {
						CreatedOnToolsVersion = 14.2;
					};
					E462BCB72AC4BE3D00C9BA70 = {
						CreatedOnToolsVersion = 14.2;
						TestTargetID = E462BCA72AC4BE3C00C9BA70;
					};
					E462BCC12AC4BE3D00C9BA70 = {
						CreatedOnToolsVersion = 14.2;
						TestTargetID = E462BCA72AC4BE3C00C9BA70;
					};
				};
			};
			buildConfigurationList = E462BCA32AC4BE3C00C9BA70 /* Build configuration list for PBXProject "ToDoListApp" */;
			compatibilityVersion = "Xcode 14.0";
			developmentRegion = en;
			hasScannedForEncodings = 0;
			knownRegions = (
				en,
				Base,
			);
			mainGroup = E462BC9F2AC4BE3C00C9BA70;
			packageReferences = (
				E462BCD62AC4C24400C9BA70 /* XCRemoteSwiftPackageReference "firebase-ios-sdk" */,
			);
			productRefGroup = E462BCA92AC4BE3C00C9BA70 /* Products */;
			projectDirPath = "";
			projectRoot = "";
			targets = (
				E462BCA72AC4BE3C00C9BA70 /* ToDoListApp */,
				E462BCB72AC4BE3D00C9BA70 /* ToDoListAppTests */,
				E462BCC12AC4BE3D00C9BA70 /* ToDoListAppUITests */,
			);
		};
/* End PBXProject section */

/* Begin PBXResourcesBuildPhase section */
		E462BCA62AC4BE3C00C9BA70 /* Resources */ = {
			isa = PBXResourcesBuildPhase;
			buildActionMask = 2147483647;
			files = (
				E462BCB32AC4BE3D00C9BA70 /* Preview Assets.xcassets in Resources */,
				E462BCB02AC4BE3D00C9BA70 /* Assets.xcassets in Resources */,
				E462BCDE2AC4C49200C9BA70 /* GoogleService-Info.plist in Resources */,
			);
			runOnlyForDeploymentPostprocessing = 0;
		};
		E462BCB62AC4BE3D00C9BA70 /* Resources */ = {
			isa = PBXResourcesBuildPhase;
			buildActionMask = 2147483647;
			files = (
			);
			runOnlyForDeploymentPostprocessing = 0;
		};
		E462BCC02AC4BE3D00C9BA70 /* Resources */ = {
			isa = PBXResourcesBuildPhase;
			buildActionMask = 2147483647;
			files = (
			);
			runOnlyForDeploymentPostprocessing = 0;
		};
/* End PBXResourcesBuildPhase section */

/* Begin PBXSourcesBuildPhase section */
		E462BCA42AC4BE3C00C9BA70 /* Sources */ = {
			isa = PBXSourcesBuildPhase;
			buildActionMask = 2147483647;
			files = (
				E462BCEB2AC5331D00C9BA70 /* LogInView.swift in Sources */,
				E462BCEF2AC5335F00C9BA70 /* ToDoListItemView.swift in Sources */,
				E462BCFF2AC5341C00C9BA70 /* RegisterViewViewModel.swift in Sources */,
				E462BCF52AC533BE00C9BA70 /* MainViewViewModel.swift in Sources */,
				E462BCAE2AC4BE3C00C9BA70 /* MainView.swift in Sources */,
				E462BCE52AC532EF00C9BA70 /* ProfileView.swift in Sources */,
				E462BCF72AC533CE00C9BA70 /* ProfileViewViewModel.swift in Sources */,
				E462BCED2AC5332700C9BA70 /* RegisterView.swift in Sources */,
				E462BCF12AC5338400C9BA70 /* User.swift in Sources */,
				E462BCE72AC5330000C9BA70 /* ToDoListView.swift in Sources */,
				E462BCF92AC533E500C9BA70 /* ToDoListViewViewModel.swift in Sources */,
				E462BCAC2AC4BE3C00C9BA70 /* ToDoListAppApp.swift in Sources */,
				E462BCF32AC5339500C9BA70 /* ToDoListItem.swift in Sources */,
				E462BCFD2AC5340B00C9BA70 /* LogInViewViewModel.swift in Sources */,
				E462BCE92AC5330E00C9BA70 /* NewItemView.swift in Sources */,
				E462BCFB2AC533F600C9BA70 /* NewItemViewViewModel.swift in Sources */,
				E462BD012AC5343100C9BA70 /* ToDoListItemViewViewModel.swift in Sources */,
			);
			runOnlyForDeploymentPostprocessing = 0;
		};
		E462BCB42AC4BE3D00C9BA70 /* Sources */ = {
			isa = PBXSourcesBuildPhase;
			buildActionMask = 2147483647;
			files = (
				E462BCBD2AC4BE3D00C9BA70 /* ToDoListAppTests.swift in Sources */,
			);
			runOnlyForDeploymentPostprocessing = 0;
		};
		E462BCBE2AC4BE3D00C9BA70 /* Sources */ = {
			isa = PBXSourcesBuildPhase;
			buildActionMask = 2147483647;
			files = (
				E462BCC92AC4BE3D00C9BA70 /* ToDoListAppUITestsLaunchTests.swift in Sources */,
				E462BCC72AC4BE3D00C9BA70 /* ToDoListAppUITests.swift in Sources */,
			);
			runOnlyForDeploymentPostprocessing = 0;
		};
/* End PBXSourcesBuildPhase section */

/* Begin PBXTargetDependency section */
		E462BCBA2AC4BE3D00C9BA70 /* PBXTargetDependency */ = {
			isa = PBXTargetDependency;
			target = E462BCA72AC4BE3C00C9BA70 /* ToDoListApp */;
			targetProxy = E462BCB92AC4BE3D00C9BA70 /* PBXContainerItemProxy */;
		};
		E462BCC42AC4BE3D00C9BA70 /* PBXTargetDependency */ = {
			isa = PBXTargetDependency;
			target = E462BCA72AC4BE3C00C9BA70 /* ToDoListApp */;
			targetProxy = E462BCC32AC4BE3D00C9BA70 /* PBXContainerItemProxy */;
		};
/* End PBXTargetDependency section */

/* Begin XCBuildConfiguration section */
		E462BCCA2AC4BE3D00C9BA70 /* Debug */ = {
			isa = XCBuildConfiguration;
			buildSettings = {
				ALWAYS_SEARCH_USER_PATHS = NO;
				CLANG_ANALYZER_NONNULL = YES;
				CLANG_ANALYZER_NUMBER_OBJECT_CONVERSION = YES_AGGRESSIVE;
				CLANG_CXX_LANGUAGE_STANDARD = "gnu++20";
				CLANG_ENABLE_MODULES = YES;
				CLANG_ENABLE_OBJC_ARC = YES;
				CLANG_ENABLE_OBJC_WEAK = YES;
				CLANG_WARN_BLOCK_CAPTURE_AUTORELEASING = YES;
				CLANG_WARN_BOOL_CONVERSION = YES;
				CLANG_WARN_COMMA = YES;
				CLANG_WARN_CONSTANT_CONVERSION = YES;
				CLANG_WARN_DEPRECATED_OBJC_IMPLEMENTATIONS = YES;
				CLANG_WARN_DIRECT_OBJC_ISA_USAGE = YES_ERROR;
				CLANG_WARN_DOCUMENTATION_COMMENTS = YES;
				CLANG_WARN_EMPTY_BODY = YES;
				CLANG_WARN_ENUM_CONVERSION = YES;
				CLANG_WARN_INFINITE_RECURSION = YES;
				CLANG_WARN_INT_CONVERSION = YES;
				CLANG_WARN_NON_LITERAL_NULL_CONVERSION = YES;
				CLANG_WARN_OBJC_IMPLICIT_RETAIN_SELF = YES;
				CLANG_WARN_OBJC_LITERAL_CONVERSION = YES;
				CLANG_WARN_OBJC_ROOT_CLASS = YES_ERROR;
				CLANG_WARN_QUOTED_INCLUDE_IN_FRAMEWORK_HEADER = YES;
				CLANG_WARN_RANGE_LOOP_ANALYSIS = YES;
				CLANG_WARN_STRICT_PROTOTYPES = YES;
				CLANG_WARN_SUSPICIOUS_MOVE = YES;
				CLANG_WARN_UNGUARDED_AVAILABILITY = YES_AGGRESSIVE;
				CLANG_WARN_UNREACHABLE_CODE = YES;
				CLANG_WARN__DUPLICATE_METHOD_MATCH = YES;
				COPY_PHASE_STRIP = NO;
				DEBUG_INFORMATION_FORMAT = dwarf;
				ENABLE_STRICT_OBJC_MSGSEND = YES;
				ENABLE_TESTABILITY = YES;
				GCC_C_LANGUAGE_STANDARD = gnu11;
				GCC_DYNAMIC_NO_PIC = NO;
				GCC_NO_COMMON_BLOCKS = YES;
				GCC_OPTIMIZATION_LEVEL = 0;
				GCC_PREPROCESSOR_DEFINITIONS = (
					"DEBUG=1",
					"$(inherited)",
				);
				GCC_WARN_64_TO_32_BIT_CONVERSION = YES;
				GCC_WARN_ABOUT_RETURN_TYPE = YES_ERROR;
				GCC_WARN_UNDECLARED_SELECTOR = YES;
				GCC_WARN_UNINITIALIZED_AUTOS = YES_AGGRESSIVE;
				GCC_WARN_UNUSED_FUNCTION = YES;
				GCC_WARN_UNUSED_VARIABLE = YES;
				IPHONEOS_DEPLOYMENT_TARGET = 16.2;
				MTL_ENABLE_DEBUG_INFO = INCLUDE_SOURCE;
				MTL_FAST_MATH = YES;
				ONLY_ACTIVE_ARCH = YES;
				SDKROOT = iphoneos;
				SWIFT_ACTIVE_COMPILATION_CONDITIONS = DEBUG;
				SWIFT_OPTIMIZATION_LEVEL = "-Onone";
			};
			name = Debug;
		};
		E462BCCB2AC4BE3D00C9BA70 /* Release */ = {
			isa = XCBuildConfiguration;
			buildSettings = {
				ALWAYS_SEARCH_USER_PATHS = NO;
				CLANG_ANALYZER_NONNULL = YES;
				CLANG_ANALYZER_NUMBER_OBJECT_CONVERSION = YES_AGGRESSIVE;
				CLANG_CXX_LANGUAGE_STANDARD = "gnu++20";
				CLANG_ENABLE_MODULES = YES;
				CLANG_ENABLE_OBJC_ARC = YES;
				CLANG_ENABLE_OBJC_WEAK = YES;
				CLANG_WARN_BLOCK_CAPTURE_AUTORELEASING = YES;
				CLANG_WARN_BOOL_CONVERSION = YES;
				CLANG_WARN_COMMA = YES;
				CLANG_WARN_CONSTANT_CONVERSION = YES;
				CLANG_WARN_DEPRECATED_OBJC_IMPLEMENTATIONS = YES;
				CLANG_WARN_DIRECT_OBJC_ISA_USAGE = YES_ERROR;
				CLANG_WARN_DOCUMENTATION_COMMENTS = YES;
				CLANG_WARN_EMPTY_BODY = YES;
				CLANG_WARN_ENUM_CONVERSION = YES;
				CLANG_WARN_INFINITE_RECURSION = YES;
				CLANG_WARN_INT_CONVERSION = YES;
				CLANG_WARN_NON_LITERAL_NULL_CONVERSION = YES;
				CLANG_WARN_OBJC_IMPLICIT_RETAIN_SELF = YES;
				CLANG_WARN_OBJC_LITERAL_CONVERSION = YES;
				CLANG_WARN_OBJC_ROOT_CLASS = YES_ERROR;
				CLANG_WARN_QUOTED_INCLUDE_IN_FRAMEWORK_HEADER = YES;
				CLANG_WARN_RANGE_LOOP_ANALYSIS = YES;
				CLANG_WARN_STRICT_PROTOTYPES = YES;
				CLANG_WARN_SUSPICIOUS_MOVE = YES;
				CLANG_WARN_UNGUARDED_AVAILABILITY = YES_AGGRESSIVE;
				CLANG_WARN_UNREACHABLE_CODE = YES;
				CLANG_WARN__DUPLICATE_METHOD_MATCH = YES;
				COPY_PHASE_STRIP = NO;
				DEBUG_INFORMATION_FORMAT = "dwarf-with-dsym";
				ENABLE_NS_ASSERTIONS = NO;
				ENABLE_STRICT_OBJC_MSGSEND = YES;
				GCC_C_LANGUAGE_STANDARD = gnu11;
				GCC_NO_COMMON_BLOCKS = YES;
				GCC_WARN_64_TO_32_BIT_CONVERSION = YES;
				GCC_WARN_ABOUT_RETURN_TYPE = YES_ERROR;
				GCC_WARN_UNDECLARED_SELECTOR = YES;
				GCC_WARN_UNINITIALIZED_AUTOS = YES_AGGRESSIVE;
				GCC_WARN_UNUSED_FUNCTION = YES;
				GCC_WARN_UNUSED_VARIABLE = YES;
				IPHONEOS_DEPLOYMENT_TARGET = 16.2;
				MTL_ENABLE_DEBUG_INFO = NO;
				MTL_FAST_MATH = YES;
				SDKROOT = iphoneos;
				SWIFT_COMPILATION_MODE = wholemodule;
				SWIFT_OPTIMIZATION_LEVEL = "-O";
				VALIDATE_PRODUCT = YES;
			};
			name = Release;
		};
		E462BCCD2AC4BE3D00C9BA70 /* Debug */ = {
			isa = XCBuildConfiguration;
			buildSettings = {
				ASSETCATALOG_COMPILER_APPICON_NAME = AppIcon;
				ASSETCATALOG_COMPILER_GLOBAL_ACCENT_COLOR_NAME = AccentColor;
				CODE_SIGN_STYLE = Automatic;
				CURRENT_PROJECT_VERSION = 1;
				DEVELOPMENT_ASSET_PATHS = "\"ToDoListApp/Preview Content\"";
				DEVELOPMENT_TEAM = W75DJQAQFU;
				ENABLE_PREVIEWS = YES;
				GENERATE_INFOPLIST_FILE = YES;
				INFOPLIST_KEY_CFBundleDisplayName = "To Do List ";
				INFOPLIST_KEY_UIApplicationSceneManifest_Generation = YES;
				INFOPLIST_KEY_UIApplicationSupportsIndirectInputEvents = YES;
				INFOPLIST_KEY_UILaunchScreen_Generation = YES;
				INFOPLIST_KEY_UISupportedInterfaceOrientations = UIInterfaceOrientationPortrait;
				LD_RUNPATH_SEARCH_PATHS = (
					"$(inherited)",
					"@executable_path/Frameworks",
				);
				MARKETING_VERSION = 1.0;
				PRODUCT_BUNDLE_IDENTIFIER = ayanbaktygaliyev.ToDoListApp;
				PRODUCT_NAME = "$(TARGET_NAME)";
				SWIFT_EMIT_LOC_STRINGS = YES;
				SWIFT_VERSION = 5.0;
				TARGETED_DEVICE_FAMILY = "1,2";
			};
			name = Debug;
		};
		E462BCCE2AC4BE3D00C9BA70 /* Release */ = {
			isa = XCBuildConfiguration;
			buildSettings = {
				ASSETCATALOG_COMPILER_APPICON_NAME = AppIcon;
				ASSETCATALOG_COMPILER_GLOBAL_ACCENT_COLOR_NAME = AccentColor;
				CODE_SIGN_STYLE = Automatic;
				CURRENT_PROJECT_VERSION = 1;
				DEVELOPMENT_ASSET_PATHS = "\"ToDoListApp/Preview Content\"";
				DEVELOPMENT_TEAM = W75DJQAQFU;
				ENABLE_PREVIEWS = YES;
				GENERATE_INFOPLIST_FILE = YES;
				INFOPLIST_KEY_CFBundleDisplayName = "To Do List ";
				INFOPLIST_KEY_UIApplicationSceneManifest_Generation = YES;
				INFOPLIST_KEY_UIApplicationSupportsIndirectInputEvents = YES;
				INFOPLIST_KEY_UILaunchScreen_Generation = YES;
				INFOPLIST_KEY_UISupportedInterfaceOrientations = UIInterfaceOrientationPortrait;
				LD_RUNPATH_SEARCH_PATHS = (
					"$(inherited)",
					"@executable_path/Frameworks",
				);
				MARKETING_VERSION = 1.0;
				PRODUCT_BUNDLE_IDENTIFIER = ayanbaktygaliyev.ToDoListApp;
				PRODUCT_NAME = "$(TARGET_NAME)";
				SWIFT_EMIT_LOC_STRINGS = YES;
				SWIFT_VERSION = 5.0;
				TARGETED_DEVICE_FAMILY = "1,2";
			};
			name = Release;
		};
		E462BCD02AC4BE3D00C9BA70 /* Debug */ = {
			isa = XCBuildConfiguration;
			buildSettings = {
				ALWAYS_EMBED_SWIFT_STANDARD_LIBRARIES = YES;
				BUNDLE_LOADER = "$(TEST_HOST)";
				CODE_SIGN_STYLE = Automatic;
				CURRENT_PROJECT_VERSION = 1;
				DEVELOPMENT_TEAM = W75DJQAQFU;
				GENERATE_INFOPLIST_FILE = YES;
				IPHONEOS_DEPLOYMENT_TARGET = 16.2;
				MARKETING_VERSION = 1.0;
				PRODUCT_BUNDLE_IDENTIFIER = ayanbaktygaliyev.ToDoListAppTests;
				PRODUCT_NAME = "$(TARGET_NAME)";
				SWIFT_EMIT_LOC_STRINGS = NO;
				SWIFT_VERSION = 5.0;
				TARGETED_DEVICE_FAMILY = "1,2";
				TEST_HOST = "$(BUILT_PRODUCTS_DIR)/ToDoListApp.app/$(BUNDLE_EXECUTABLE_FOLDER_PATH)/ToDoListApp";
			};
			name = Debug;
		};
		E462BCD12AC4BE3D00C9BA70 /* Release */ = {
			isa = XCBuildConfiguration;
			buildSettings = {
				ALWAYS_EMBED_SWIFT_STANDARD_LIBRARIES = YES;
				BUNDLE_LOADER = "$(TEST_HOST)";
				CODE_SIGN_STYLE = Automatic;
				CURRENT_PROJECT_VERSION = 1;
				DEVELOPMENT_TEAM = W75DJQAQFU;
				GENERATE_INFOPLIST_FILE = YES;
				IPHONEOS_DEPLOYMENT_TARGET = 16.2;
				MARKETING_VERSION = 1.0;
				PRODUCT_BUNDLE_IDENTIFIER = ayanbaktygaliyev.ToDoListAppTests;
				PRODUCT_NAME = "$(TARGET_NAME)";
				SWIFT_EMIT_LOC_STRINGS = NO;
				SWIFT_VERSION = 5.0;
				TARGETED_DEVICE_FAMILY = "1,2";
				TEST_HOST = "$(BUILT_PRODUCTS_DIR)/ToDoListApp.app/$(BUNDLE_EXECUTABLE_FOLDER_PATH)/ToDoListApp";
			};
			name = Release;
		};
		E462BCD32AC4BE3D00C9BA70 /* Debug */ = {
			isa = XCBuildConfiguration;
			buildSettings = {
				ALWAYS_EMBED_SWIFT_STANDARD_LIBRARIES = YES;
				CODE_SIGN_STYLE = Automatic;
				CURRENT_PROJECT_VERSION = 1;
				DEVELOPMENT_TEAM = W75DJQAQFU;
				GENERATE_INFOPLIST_FILE = YES;
				MARKETING_VERSION = 1.0;
				PRODUCT_BUNDLE_IDENTIFIER = ayanbaktygaliyev.ToDoListAppUITests;
				PRODUCT_NAME = "$(TARGET_NAME)";
				SWIFT_EMIT_LOC_STRINGS = NO;
				SWIFT_VERSION = 5.0;
				TARGETED_DEVICE_FAMILY = "1,2";
				TEST_TARGET_NAME = ToDoListApp;
			};
			name = Debug;
		};
		E462BCD42AC4BE3D00C9BA70 /* Release */ = {
			isa = XCBuildConfiguration;
			buildSettings = {
				ALWAYS_EMBED_SWIFT_STANDARD_LIBRARIES = YES;
				CODE_SIGN_STYLE = Automatic;
				CURRENT_PROJECT_VERSION = 1;
				DEVELOPMENT_TEAM = W75DJQAQFU;
				GENERATE_INFOPLIST_FILE = YES;
				MARKETING_VERSION = 1.0;
				PRODUCT_BUNDLE_IDENTIFIER = ayanbaktygaliyev.ToDoListAppUITests;
				PRODUCT_NAME = "$(TARGET_NAME)";
				SWIFT_EMIT_LOC_STRINGS = NO;
				SWIFT_VERSION = 5.0;
				TARGETED_DEVICE_FAMILY = "1,2";
				TEST_TARGET_NAME = ToDoListApp;
			};
			name = Release;
		};
/* End XCBuildConfiguration section */

/* Begin XCConfigurationList section */
		E462BCA32AC4BE3C00C9BA70 /* Build configuration list for PBXProject "ToDoListApp" */ = {
			isa = XCConfigurationList;
			buildConfigurations = (
				E462BCCA2AC4BE3D00C9BA70 /* Debug */,
				E462BCCB2AC4BE3D00C9BA70 /* Release */,
			);
			defaultConfigurationIsVisible = 0;
			defaultConfigurationName = Release;
		};
		E462BCCC2AC4BE3D00C9BA70 /* Build configuration list for PBXNativeTarget "ToDoListApp" */ = {
			isa = XCConfigurationList;
			buildConfigurations = (
				E462BCCD2AC4BE3D00C9BA70 /* Debug */,
				E462BCCE2AC4BE3D00C9BA70 /* Release */,
			);
			defaultConfigurationIsVisible = 0;
			defaultConfigurationName = Release;
		};
		E462BCCF2AC4BE3D00C9BA70 /* Build configuration list for PBXNativeTarget "ToDoListAppTests" */ = {
			isa = XCConfigurationList;
			buildConfigurations = (
				E462BCD02AC4BE3D00C9BA70 /* Debug */,
				E462BCD12AC4BE3D00C9BA70 /* Release */,
			);
			defaultConfigurationIsVisible = 0;
			defaultConfigurationName = Release;
		};
		E462BCD22AC4BE3D00C9BA70 /* Build configuration list for PBXNativeTarget "ToDoListAppUITests" */ = {
			isa = XCConfigurationList;
			buildConfigurations = (
				E462BCD32AC4BE3D00C9BA70 /* Debug */,
				E462BCD42AC4BE3D00C9BA70 /* Release */,
			);
			defaultConfigurationIsVisible = 0;
			defaultConfigurationName = Release;
		};
/* End XCConfigurationList section */

/* Begin XCRemoteSwiftPackageReference section */
		E462BCD62AC4C24400C9BA70 /* XCRemoteSwiftPackageReference "firebase-ios-sdk" */ = {
			isa = XCRemoteSwiftPackageReference;
			repositoryURL = "https://github.com/firebase/firebase-ios-sdk";
			requirement = {
				kind = upToNextMajorVersion;
				minimumVersion = 9.0.0;
			};
		};
/* End XCRemoteSwiftPackageReference section */

/* Begin XCSwiftPackageProductDependency section */
		E462BCD72AC4C24400C9BA70 /* FirebaseAuth */ = {
			isa = XCSwiftPackageProductDependency;
			package = E462BCD62AC4C24400C9BA70 /* XCRemoteSwiftPackageReference "firebase-ios-sdk" */;
			productName = FirebaseAuth;
		};
		E462BCD92AC4C24400C9BA70 /* FirebaseFirestore */ = {
			isa = XCSwiftPackageProductDependency;
			package = E462BCD62AC4C24400C9BA70 /* XCRemoteSwiftPackageReference "firebase-ios-sdk" */;
			productName = FirebaseFirestore;
		};
		E462BCDB2AC4C24400C9BA70 /* FirebaseFirestoreSwift */ = {
			isa = XCSwiftPackageProductDependency;
			package = E462BCD62AC4C24400C9BA70 /* XCRemoteSwiftPackageReference "firebase-ios-sdk" */;
			productName = FirebaseFirestoreSwift;
		};
/* End XCSwiftPackageProductDependency section */
	};
	rootObject = E462BCA02AC4BE3C00C9BA70 /* Project object */;
}
